
Microsoft Visual Studio Solution File, Format Version 12.00
# Visual Studio Version 17
VisualStudioVersion = 17.0.31903.59
MinimumVisualStudioVersion = 10.0.40219.1
Project("{9A19103F-16F7-4668-BE54-9A1E7A4F7556}") = "MetaLinq.Console", "MetaLinq.Console\MetaLinq.Console.csproj", "{ECDD2357-B656-45DB-91CC-A18750246D70}"
EndProject
Project("{9A19103F-16F7-4668-BE54-9A1E7A4F7556}") = "MetaLinq.Benchmark", "MetaLinq.Benchmark\MetaLinq.Benchmark.csproj", "{AF7DD3D0-E932-4880-955B-C30F540B16E3}"
	ProjectSection(ProjectDependencies) = postProject
		{FB1D9BF8-201C-4112-A2DD-6EFD33B25B53} = {FB1D9BF8-201C-4112-A2DD-6EFD33B25B53}
	EndProjectSection
EndProject
Project("{9A19103F-16F7-4668-BE54-9A1E7A4F7556}") = "MetaLinq", "MetaLinq\MetaLinq.csproj", "{8F248ADD-8915-4F35-9892-24C7B6E71CD0}"
EndProject
Project("{9A19103F-16F7-4668-BE54-9A1E7A4F7556}") = "MetaLinq.Tests.Memory", "MetaLinq.Tests.Memory\MetaLinq.Tests.Memory.csproj", "{4DC5AF9F-FEE1-4140-92EC-B41DDE8418E1}"
	ProjectSection(ProjectDependencies) = postProject
		{FB1D9BF8-201C-4112-A2DD-6EFD33B25B53} = {FB1D9BF8-201C-4112-A2DD-6EFD33B25B53}
	EndProjectSection
EndProject
Project("{9A19103F-16F7-4668-BE54-9A1E7A4F7556}") = "MetaLinq.Generator", "MetaLinq.Generator\MetaLinq.Generator.csproj", "{FB1D9BF8-201C-4112-A2DD-6EFD33B25B53}"
EndProject
Project("{9A19103F-16F7-4668-BE54-9A1E7A4F7556}") = "MetaLinq.Tests.Unit", "MetaLinq.Tests.Unit\MetaLinq.Tests.Unit.csproj", "{8AB1FFB1-DAB5-4D24-98AC-F5CC7AE85C81}"
EndProject
Project("{2150E333-8FDC-42A3-9474-1A3956D46DE8}") = "Tests", "Tests", "{8A778E04-8DAD-433D-80A9-8F7C420FF00D}"
EndProject
Project("{9A19103F-16F7-4668-BE54-9A1E7A4F7556}") = "MetaLinq.Tests.Data", "MetaLinq.Tests.Data\MetaLinq.Tests.Data.csproj", "{FF081F88-AB6D-46F4-B4C2-36652C090A03}"
EndProject
Project("{2150E333-8FDC-42A3-9474-1A3956D46DE8}") = "Solution Items", "Solution Items", "{5D0FF0F5-E37F-4443-80EC-9A6F91C49DE8}"
	ProjectSection(SolutionItems) = preProject
		Directory.Build.props = Directory.Build.props
	EndProjectSection
EndProject
Project("{FAE04EC0-301F-11D3-BF4B-00C04F79EFBC}") = "MetaLinq.Spikes", "MetaLinq.Spikes\MetaLinq.Spikes.csproj", "{AC0E61F9-63F5-4062-8695-34F9BCABFE51}"
EndProject
Global
	GlobalSection(SolutionConfigurationPlatforms) = preSolution
		Debug|Any CPU = Debug|Any CPU
		Release|Any CPU = Release|Any CPU
	EndGlobalSection
	GlobalSection(ProjectConfigurationPlatforms) = postSolution
		{ECDD2357-B656-45DB-91CC-A18750246D70}.Debug|Any CPU.ActiveCfg = Debug|Any CPU
		{ECDD2357-B656-45DB-91CC-A18750246D70}.Debug|Any CPU.Build.0 = Debug|Any CPU
		{ECDD2357-B656-45DB-91CC-A18750246D70}.Release|Any CPU.ActiveCfg = Release|Any CPU
		{ECDD2357-B656-45DB-91CC-A18750246D70}.Release|Any CPU.Build.0 = Release|Any CPU
		{AF7DD3D0-E932-4880-955B-C30F540B16E3}.Debug|Any CPU.ActiveCfg = Debug|Any CPU
		{AF7DD3D0-E932-4880-955B-C30F540B16E3}.Debug|Any CPU.Build.0 = Debug|Any CPU
		{AF7DD3D0-E932-4880-955B-C30F540B16E3}.Release|Any CPU.ActiveCfg = Release|Any CPU
		{AF7DD3D0-E932-4880-955B-C30F540B16E3}.Release|Any CPU.Build.0 = Release|Any CPU
		{8F248ADD-8915-4F35-9892-24C7B6E71CD0}.Debug|Any CPU.ActiveCfg = Debug|Any CPU
		{8F248ADD-8915-4F35-9892-24C7B6E71CD0}.Debug|Any CPU.Build.0 = Debug|Any CPU
		{8F248ADD-8915-4F35-9892-24C7B6E71CD0}.Release|Any CPU.ActiveCfg = Release|Any CPU
		{8F248ADD-8915-4F35-9892-24C7B6E71CD0}.Release|Any CPU.Build.0 = Release|Any CPU
		{4DC5AF9F-FEE1-4140-92EC-B41DDE8418E1}.Debug|Any CPU.ActiveCfg = Debug|Any CPU
		{4DC5AF9F-FEE1-4140-92EC-B41DDE8418E1}.Debug|Any CPU.Build.0 = Debug|Any CPU
		{4DC5AF9F-FEE1-4140-92EC-B41DDE8418E1}.Release|Any CPU.ActiveCfg = Release|Any CPU
		{4DC5AF9F-FEE1-4140-92EC-B41DDE8418E1}.Release|Any CPU.Build.0 = Release|Any CPU
		{FB1D9BF8-201C-4112-A2DD-6EFD33B25B53}.Debug|Any CPU.ActiveCfg = Debug|Any CPU
		{FB1D9BF8-201C-4112-A2DD-6EFD33B25B53}.Debug|Any CPU.Build.0 = Debug|Any CPU
		{FB1D9BF8-201C-4112-A2DD-6EFD33B25B53}.Release|Any CPU.ActiveCfg = Release|Any CPU
		{FB1D9BF8-201C-4112-A2DD-6EFD33B25B53}.Release|Any CPU.Build.0 = Release|Any CPU
		{8AB1FFB1-DAB5-4D24-98AC-F5CC7AE85C81}.Debug|Any CPU.ActiveCfg = Debug|Any CPU
		{8AB1FFB1-DAB5-4D24-98AC-F5CC7AE85C81}.Debug|Any CPU.Build.0 = Debug|Any CPU
		{8AB1FFB1-DAB5-4D24-98AC-F5CC7AE85C81}.Release|Any CPU.ActiveCfg = Release|Any CPU
		{8AB1FFB1-DAB5-4D24-98AC-F5CC7AE85C81}.Release|Any CPU.Build.0 = Release|Any CPU
		{FF081F88-AB6D-46F4-B4C2-36652C090A03}.Debug|Any CPU.ActiveCfg = Debug|Any CPU
		{FF081F88-AB6D-46F4-B4C2-36652C090A03}.Debug|Any CPU.Build.0 = Debug|Any CPU
		{FF081F88-AB6D-46F4-B4C2-36652C090A03}.Release|Any CPU.ActiveCfg = Release|Any CPU
		{FF081F88-AB6D-46F4-B4C2-36652C090A03}.Release|Any CPU.Build.0 = Release|Any CPU
		{AC0E61F9-63F5-4062-8695-34F9BCABFE51}.Debug|Any CPU.ActiveCfg = Debug|Any CPU
		{AC0E61F9-63F5-4062-8695-34F9BCABFE51}.Debug|Any CPU.Build.0 = Debug|Any CPU
		{AC0E61F9-63F5-4062-8695-34F9BCABFE51}.Release|Any CPU.ActiveCfg = Release|Any CPU
		{AC0E61F9-63F5-4062-8695-34F9BCABFE51}.Release|Any CPU.Build.0 = Release|Any CPU
	EndGlobalSection
	GlobalSection(SolutionProperties) = preSolution
		HideSolutionNode = FALSE
	EndGlobalSection
	GlobalSection(NestedProjects) = preSolution
		{4DC5AF9F-FEE1-4140-92EC-B41DDE8418E1} = {8A778E04-8DAD-433D-80A9-8F7C420FF00D}
		{8AB1FFB1-DAB5-4D24-98AC-F5CC7AE85C81} = {8A778E04-8DAD-433D-80A9-8F7C420FF00D}
		{FF081F88-AB6D-46F4-B4C2-36652C090A03} = {8A778E04-8DAD-433D-80A9-8F7C420FF00D}
	EndGlobalSection
	GlobalSection(ExtensibilityGlobals) = postSolution
		SolutionGuid = {F0F4C815-E43A-42CD-B64E-C0293902642B}
	EndGlobalSection
EndGlobal
